
Microsoft Visual Studio Solution File, Format Version 12.00
# Visual Studio Version 16
VisualStudioVersion = 16.0.30717.126
MinimumVisualStudioVersion = 10.0.40219.1
Project("{FAE04EC0-301F-11D3-BF4B-00C04F79EFBC}") = "Nazv_organizaciy", "Nazv_organizaciy\Nazv_organizaciy.csproj", "{3845433E-1162-40A9-A0AE-BBF03E0BA689}"
EndProject
Global
	GlobalSection(SolutionConfigurationPlatforms) = preSolution
		Debug|Any CPU = Debug|Any CPU
		Release|Any CPU = Release|Any CPU
	EndGlobalSection
	GlobalSection(ProjectConfigurationPlatforms) = postSolution
		{3845433E-1162-40A9-A0AE-BBF03E0BA689}.Debug|Any CPU.ActiveCfg = Debug|Any CPU
		{3845433E-1162-40A9-A0AE-BBF03E0BA689}.Debug|Any CPU.Build.0 = Debug|Any CPU
		{3845433E-1162-40A9-A0AE-BBF03E0BA689}.Release|Any CPU.ActiveCfg = Release|Any CPU
		{3845433E-1162-40A9-A0AE-BBF03E0BA689}.Release|Any CPU.Build.0 = Release|Any CPU
	EndGlobalSection
	GlobalSection(SolutionProperties) = preSolution
		HideSolutionNode = FALSE
	EndGlobalSection
	GlobalSection(ExtensibilityGlobals) = postSolution
		SolutionGuid = {1803B90C-7D00-4A58-BD77-37DA37BBB8FC}
	EndGlobalSection
EndGlobal
